
Microsoft Visual Studio Solution File, Format Version 12.00
# Visual Studio 15
VisualStudioVersion = 15.0.28307.438
MinimumVisualStudioVersion = 10.0.40219.1
Project("{FAE04EC0-301F-11D3-BF4B-00C04F79EFBC}") = "SpaceAdventures", "SpaceAdventures\SpaceAdventures.csproj", "{D6EF05CB-26F4-41E9-988F-8275E6903937}"
EndProject
Global
	GlobalSection(SolutionConfigurationPlatforms) = preSolution
		Debug|Any CPU = Debug|Any CPU
		Release|Any CPU = Release|Any CPU
	EndGlobalSection
	GlobalSection(ProjectConfigurationPlatforms) = postSolution
		{D6EF05CB-26F4-41E9-988F-8275E6903937}.Debug|Any CPU.ActiveCfg = Debug|Any CPU
		{D6EF05CB-26F4-41E9-988F-8275E6903937}.Debug|Any CPU.Build.0 = Debug|Any CPU
		{D6EF05CB-26F4-41E9-988F-8275E6903937}.Release|Any CPU.ActiveCfg = Release|Any CPU
		{D6EF05CB-26F4-41E9-988F-8275E6903937}.Release|Any CPU.Build.0 = Release|Any CPU
	EndGlobalSection
	GlobalSection(SolutionProperties) = preSolution
		HideSolutionNode = FALSE
	EndGlobalSection
	GlobalSection(ExtensibilityGlobals) = postSolution
		SolutionGuid = {F2266CF8-9CDD-4A8A-BF62-7DD79B7B04B4}
	EndGlobalSection
EndGlobal
